
Microsoft Visual Studio Solution File, Format Version 12.00
# Visual Studio Version 16
VisualStudioVersion = 16.0.31911.196
MinimumVisualStudioVersion = 10.0.40219.1
Project("{FAE04EC0-301F-11D3-BF4B-00C04F79EFBC}") = "BookStore", "BookStore\BookStore.csproj", "{33DC785F-6965-4349-8FA5-34B5392BB044}"
EndProject
Global
	GlobalSection(SolutionConfigurationPlatforms) = preSolution
		Debug|Any CPU = Debug|Any CPU
		Release|Any CPU = Release|Any CPU
	EndGlobalSection
	GlobalSection(ProjectConfigurationPlatforms) = postSolution
		{33DC785F-6965-4349-8FA5-34B5392BB044}.Debug|Any CPU.ActiveCfg = Debug|Any CPU
		{33DC785F-6965-4349-8FA5-34B5392BB044}.Debug|Any CPU.Build.0 = Debug|Any CPU
		{33DC785F-6965-4349-8FA5-34B5392BB044}.Release|Any CPU.ActiveCfg = Release|Any CPU
		{33DC785F-6965-4349-8FA5-34B5392BB044}.Release|Any CPU.Build.0 = Release|Any CPU
	EndGlobalSection
	GlobalSection(SolutionProperties) = preSolution
		HideSolutionNode = FALSE
	EndGlobalSection
	GlobalSection(ExtensibilityGlobals) = postSolution
		SolutionGuid = {5DEF698F-139F-4A95-B0F0-433CC70DCE90}
	EndGlobalSection
EndGlobal
